// !$*UTF8*$!
{
	archiveVersion = 1;
	classes = {
	};
	objectVersion = 56;
	objects = {

/* Begin PBXBuildFile section */
		C58A8F9F29B2B73800E5886A /* AppDelegate.swift in Sources */ = {isa = PBXBuildFile; fileRef = C58A8F9E29B2B73800E5886A /* AppDelegate.swift */; };
		C58A8FA129B2B73800E5886A /* GameScene.sks in Resources */ = {isa = PBXBuildFile; fileRef = C58A8FA029B2B73800E5886A /* GameScene.sks */; };
		C58A8FA329B2B73800E5886A /* Actions.sks in Resources */ = {isa = PBXBuildFile; fileRef = C58A8FA229B2B73800E5886A /* Actions.sks */; };
		C58A8FA529B2B73800E5886A /* GameScene.swift in Sources */ = {isa = PBXBuildFile; fileRef = C58A8FA429B2B73800E5886A /* GameScene.swift */; };
		C58A8FA729B2B73800E5886A /* GameViewController.swift in Sources */ = {isa = PBXBuildFile; fileRef = C58A8FA629B2B73800E5886A /* GameViewController.swift */; };
		C58A8FAA29B2B73800E5886A /* Main.storyboard in Resources */ = {isa = PBXBuildFile; fileRef = C58A8FA829B2B73800E5886A /* Main.storyboard */; };
		C58A8FAC29B2B73900E5886A /* Assets.xcassets in Resources */ = {isa = PBXBuildFile; fileRef = C58A8FAB29B2B73900E5886A /* Assets.xcassets */; };
		C58A8FAF29B2B73900E5886A /* LaunchScreen.storyboard in Resources */ = {isa = PBXBuildFile; fileRef = C58A8FAD29B2B73900E5886A /* LaunchScreen.storyboard */; };
/* End PBXBuildFile section */

/* Begin PBXFileReference section */
		C58A8F9B29B2B73800E5886A /* MAPD724-W2022-MidTerm-301299251.app */ = {isa = PBXFileReference; explicitFileType = wrapper.application; includeInIndex = 0; path = "MAPD724-W2022-MidTerm-301299251.app"; sourceTree = BUILT_PRODUCTS_DIR; };
		C58A8F9E29B2B73800E5886A /* AppDelegate.swift */ = {isa = PBXFileReference; lastKnownFileType = sourcecode.swift; path = AppDelegate.swift; sourceTree = "<group>"; };
		C58A8FA029B2B73800E5886A /* GameScene.sks */ = {isa = PBXFileReference; lastKnownFileType = file.sks; path = GameScene.sks; sourceTree = "<group>"; };
		C58A8FA229B2B73800E5886A /* Actions.sks */ = {isa = PBXFileReference; lastKnownFileType = file.sks; path = Actions.sks; sourceTree = "<group>"; };
		C58A8FA429B2B73800E5886A /* GameScene.swift */ = {isa = PBXFileReference; lastKnownFileType = sourcecode.swift; path = GameScene.swift; sourceTree = "<group>"; };
		C58A8FA629B2B73800E5886A /* GameViewController.swift */ = {isa = PBXFileReference; lastKnownFileType = sourcecode.swift; path = GameViewController.swift; sourceTree = "<group>"; };
		C58A8FA929B2B73800E5886A /* Base */ = {isa = PBXFileReference; lastKnownFileType = file.storyboard; name = Base; path = Base.lproj/Main.storyboard; sourceTree = "<group>"; };
		C58A8FAB29B2B73900E5886A /* Assets.xcassets */ = {isa = PBXFileReference; lastKnownFileType = folder.assetcatalog; path = Assets.xcassets; sourceTree = "<group>"; };
		C58A8FAE29B2B73900E5886A /* Base */ = {isa = PBXFileReference; lastKnownFileType = file.storyboard; name = Base; path = Base.lproj/LaunchScreen.storyboard; sourceTree = "<group>"; };
/* End PBXFileReference section */

/* Begin PBXFrameworksBuildPhase section */
		C58A8F9829B2B73800E5886A /* Frameworks */ = {
			isa = PBXFrameworksBuildPhase;
			buildActionMask = 2147483647;
			files = (
			);
			runOnlyForDeploymentPostprocessing = 0;
		};
/* End PBXFrameworksBuildPhase section */

/* Begin PBXGroup section */
		C58A8F9229B2B73800E5886A = {
			isa = PBXGroup;
			children = (
				C58A8F9D29B2B73800E5886A /* MAPD724-W2022-MidTerm-301299251 */,
				C58A8F9C29B2B73800E5886A /* Products */,
			);
			sourceTree = "<group>";
		};
		C58A8F9C29B2B73800E5886A /* Products */ = {
			isa = PBXGroup;
			children = (
				C58A8F9B29B2B73800E5886A /* MAPD724-W2022-MidTerm-301299251.app */,
			);
			name = Products;
			sourceTree = "<group>";
		};
		C58A8F9D29B2B73800E5886A /* MAPD724-W2022-MidTerm-301299251 */ = {
			isa = PBXGroup;
			children = (
				C58A8F9E29B2B73800E5886A /* AppDelegate.swift */,
				C58A8FA029B2B73800E5886A /* GameScene.sks */,
				C58A8FA229B2B73800E5886A /* Actions.sks */,
				C58A8FA429B2B73800E5886A /* GameScene.swift */,
				C58A8FA629B2B73800E5886A /* GameViewController.swift */,
				C58A8FA829B2B73800E5886A /* Main.storyboard */,
				C58A8FAB29B2B73900E5886A /* Assets.xcassets */,
				C58A8FAD29B2B73900E5886A /* LaunchScreen.storyboard */,
			);
			path = "MAPD724-W2022-MidTerm-301299251";
			sourceTree = "<group>";
		};
/* End PBXGroup section */

/* Begin PBXNativeTarget section */
		C58A8F9A29B2B73800E5886A /* MAPD724-W2022-MidTerm-301299251 */ = {
			isa = PBXNativeTarget;
			buildConfigurationList = C58A8FB229B2B73900E5886A /* Build configuration list for PBXNativeTarget "MAPD724-W2022-MidTerm-301299251" */;
			buildPhases = (
				C58A8F9729B2B73800E5886A /* Sources */,
				C58A8F9829B2B73800E5886A /* Frameworks */,
				C58A8F9929B2B73800E5886A /* Resources */,
			);
			buildRules = (
			);
			dependencies = (
			);
			name = "MAPD724-W2022-MidTerm-301299251";
			productName = "MAPD724-W2022-MidTerm-301299251";
			productReference = C58A8F9B29B2B73800E5886A /* MAPD724-W2022-MidTerm-301299251.app */;
			productType = "com.apple.product-type.application";
		};
/* End PBXNativeTarget section */

/* Begin PBXProject section */
		C58A8F9329B2B73800E5886A /* Project object */ = {
			isa = PBXProject;
			attributes = {
				BuildIndependentTargetsInParallel = 1;
				LastSwiftUpdateCheck = 1400;
				LastUpgradeCheck = 1400;
				TargetAttributes = {
					C58A8F9A29B2B73800E5886A = {
						CreatedOnToolsVersion = 14.0;
					};
				};
			};
			buildConfigurationList = C58A8F9629B2B73800E5886A /* Build configuration list for PBXProject "MAPD724-W2022-MidTerm-301299251" */;
			compatibilityVersion = "Xcode 14.0";
			developmentRegion = en;
			hasScannedForEncodings = 0;
			knownRegions = (
				en,
				Base,
			);
			mainGroup = C58A8F9229B2B73800E5886A;
			productRefGroup = C58A8F9C29B2B73800E5886A /* Products */;
			projectDirPath = "";
			projectRoot = "";
			targets = (
				C58A8F9A29B2B73800E5886A /* MAPD724-W2022-MidTerm-301299251 */,
			);
		};
/* End PBXProject section */

/* Begin PBXResourcesBuildPhase section */
		C58A8F9929B2B73800E5886A /* Resources */ = {
			isa = PBXResourcesBuildPhase;
			buildActionMask = 2147483647;
			files = (
				C58A8FAA29B2B73800E5886A /* Main.storyboard in Resources */,
				C58A8FA129B2B73800E5886A /* GameScene.sks in Resources */,
				C58A8FAC29B2B73900E5886A /* Assets.xcassets in Resources */,
				C58A8FAF29B2B73900E5886A /* LaunchScreen.storyboard in Resources */,
				C58A8FA329B2B73800E5886A /* Actions.sks in Resources */,
			);
			runOnlyForDeploymentPostprocessing = 0;
		};
/* End PBXResourcesBuildPhase section */

/* Begin PBXSourcesBuildPhase section */
		C58A8F9729B2B73800E5886A /* Sources */ = {
			isa = PBXSourcesBuildPhase;
			buildActionMask = 2147483647;
			files = (
				C58A8FA529B2B73800E5886A /* GameScene.swift in Sources */,
				C58A8FA729B2B73800E5886A /* GameViewController.swift in Sources */,
				C58A8F9F29B2B73800E5886A /* AppDelegate.swift in Sources */,
			);
			runOnlyForDeploymentPostprocessing = 0;
		};
/* End PBXSourcesBuildPhase section */

/* Begin PBXVariantGroup section */
		C58A8FA829B2B73800E5886A /* Main.storyboard */ = {
			isa = PBXVariantGroup;
			children = (
				C58A8FA929B2B73800E5886A /* Base */,
			);
			name = Main.storyboard;
			sourceTree = "<group>";
		};
		C58A8FAD29B2B73900E5886A /* LaunchScreen.storyboard */ = {
			isa = PBXVariantGroup;
			children = (
				C58A8FAE29B2B73900E5886A /* Base */,
			);
			name = LaunchScreen.storyboard;
			sourceTree = "<group>";
		};
/* End PBXVariantGroup section */

/* Begin XCBuildConfiguration section */
		C58A8FB029B2B73900E5886A /* Debug */ = {
			isa = XCBuildConfiguration;
			buildSettings = {
				ALWAYS_SEARCH_USER_PATHS = NO;
				CLANG_ANALYZER_NONNULL = YES;
				CLANG_ANALYZER_NUMBER_OBJECT_CONVERSION = YES_AGGRESSIVE;
				CLANG_CXX_LANGUAGE_STANDARD = "gnu++20";
				CLANG_ENABLE_MODULES = YES;
				CLANG_ENABLE_OBJC_ARC = YES;
				CLANG_ENABLE_OBJC_WEAK = YES;
				CLANG_WARN_BLOCK_CAPTURE_AUTORELEASING = YES;
				CLANG_WARN_BOOL_CONVERSION = YES;
				CLANG_WARN_COMMA = YES;
				CLANG_WARN_CONSTANT_CONVERSION = YES;
				CLANG_WARN_DEPRECATED_OBJC_IMPLEMENTATIONS = YES;
				CLANG_WARN_DIRECT_OBJC_ISA_USAGE = YES_ERROR;
				CLANG_WARN_DOCUMENTATION_COMMENTS = YES;
				CLANG_WARN_EMPTY_BODY = YES;
				CLANG_WARN_ENUM_CONVERSION = YES;
				CLANG_WARN_INFINITE_RECURSION = YES;
				CLANG_WARN_INT_CONVERSION = YES;
				CLANG_WARN_NON_LITERAL_NULL_CONVERSION = YES;
				CLANG_WARN_OBJC_IMPLICIT_RETAIN_SELF = YES;
				CLANG_WARN_OBJC_LITERAL_CONVERSION = YES;
				CLANG_WARN_OBJC_ROOT_CLASS = YES_ERROR;
				CLANG_WARN_QUOTED_INCLUDE_IN_FRAMEWORK_HEADER = YES;
				CLANG_WARN_RANGE_LOOP_ANALYSIS = YES;
				CLANG_WARN_STRICT_PROTOTYPES = YES;
				CLANG_WARN_SUSPICIOUS_MOVE = YES;
				CLANG_WARN_UNGUARDED_AVAILABILITY = YES_AGGRESSIVE;
				CLANG_WARN_UNREACHABLE_CODE = YES;
				CLANG_WARN__DUPLICATE_METHOD_MATCH = YES;
				COPY_PHASE_STRIP = NO;
				DEBUG_INFORMATION_FORMAT = dwarf;
				ENABLE_STRICT_OBJC_MSGSEND = YES;
				ENABLE_TESTABILITY = YES;
				GCC_C_LANGUAGE_STANDARD = gnu11;
				GCC_DYNAMIC_NO_PIC = NO;
				GCC_NO_COMMON_BLOCKS = YES;
				GCC_OPTIMIZATION_LEVEL = 0;
				GCC_PREPROCESSOR_DEFINITIONS = (
					"DEBUG=1",
					"$(inherited)",
				);
				GCC_WARN_64_TO_32_BIT_CONVERSION = YES;
				GCC_WARN_ABOUT_RETURN_TYPE = YES_ERROR;
				GCC_WARN_UNDECLARED_SELECTOR = YES;
				GCC_WARN_UNINITIALIZED_AUTOS = YES_AGGRESSIVE;
				GCC_WARN_UNUSED_FUNCTION = YES;
				GCC_WARN_UNUSED_VARIABLE = YES;
				IPHONEOS_DEPLOYMENT_TARGET = 16.0;
				MTL_ENABLE_DEBUG_INFO = INCLUDE_SOURCE;
				MTL_FAST_MATH = YES;
				ONLY_ACTIVE_ARCH = YES;
				SDKROOT = iphoneos;
				SWIFT_ACTIVE_COMPILATION_CONDITIONS = DEBUG;
				SWIFT_OPTIMIZATION_LEVEL = "-Onone";
			};
			name = Debug;
		};
		C58A8FB129B2B73900E5886A /* Release */ = {
			isa = XCBuildConfiguration;
			buildSettings = {
				ALWAYS_SEARCH_USER_PATHS = NO;
				CLANG_ANALYZER_NONNULL = YES;
				CLANG_ANALYZER_NUMBER_OBJECT_CONVERSION = YES_AGGRESSIVE;
				CLANG_CXX_LANGUAGE_STANDARD = "gnu++20";
				CLANG_ENABLE_MODULES = YES;
				CLANG_ENABLE_OBJC_ARC = YES;
				CLANG_ENABLE_OBJC_WEAK = YES;
				CLANG_WARN_BLOCK_CAPTURE_AUTORELEASING = YES;
				CLANG_WARN_BOOL_CONVERSION = YES;
				CLANG_WARN_COMMA = YES;
				CLANG_WARN_CONSTANT_CONVERSION = YES;
				CLANG_WARN_DEPRECATED_OBJC_IMPLEMENTATIONS = YES;
				CLANG_WARN_DIRECT_OBJC_ISA_USAGE = YES_ERROR;
				CLANG_WARN_DOCUMENTATION_COMMENTS = YES;
				CLANG_WARN_EMPTY_BODY = YES;
				CLANG_WARN_ENUM_CONVERSION = YES;
				CLANG_WARN_INFINITE_RECURSION = YES;
				CLANG_WARN_INT_CONVERSION = YES;
				CLANG_WARN_NON_LITERAL_NULL_CONVERSION = YES;
				CLANG_WARN_OBJC_IMPLICIT_RETAIN_SELF = YES;
				CLANG_WARN_OBJC_LITERAL_CONVERSION = YES;
				CLANG_WARN_OBJC_ROOT_CLASS = YES_ERROR;
				CLANG_WARN_QUOTED_INCLUDE_IN_FRAMEWORK_HEADER = YES;
				CLANG_WARN_RANGE_LOOP_ANALYSIS = YES;
				CLANG_WARN_STRICT_PROTOTYPES = YES;
				CLANG_WARN_SUSPICIOUS_MOVE = YES;
				CLANG_WARN_UNGUARDED_AVAILABILITY = YES_AGGRESSIVE;
				CLANG_WARN_UNREACHABLE_CODE = YES;
				CLANG_WARN__DUPLICATE_METHOD_MATCH = YES;
				COPY_PHASE_STRIP = NO;
				DEBUG_INFORMATION_FORMAT = "dwarf-with-dsym";
				ENABLE_NS_ASSERTIONS = NO;
				ENABLE_STRICT_OBJC_MSGSEND = YES;
				GCC_C_LANGUAGE_STANDARD = gnu11;
				GCC_NO_COMMON_BLOCKS = YES;
				GCC_WARN_64_TO_32_BIT_CONVERSION = YES;
				GCC_WARN_ABOUT_RETURN_TYPE = YES_ERROR;
				GCC_WARN_UNDECLARED_SELECTOR = YES;
				GCC_WARN_UNINITIALIZED_AUTOS = YES_AGGRESSIVE;
				GCC_WARN_UNUSED_FUNCTION = YES;
				GCC_WARN_UNUSED_VARIABLE = YES;
				IPHONEOS_DEPLOYMENT_TARGET = 16.0;
				MTL_ENABLE_DEBUG_INFO = NO;
				MTL_FAST_MATH = YES;
				SDKROOT = iphoneos;
				SWIFT_COMPILATION_MODE = wholemodule;
				SWIFT_OPTIMIZATION_LEVEL = "-O";
				VALIDATE_PRODUCT = YES;
			};
			name = Release;
		};
		C58A8FB329B2B73900E5886A /* Debug */ = {
			isa = XCBuildConfiguration;
			buildSettings = {
				ASSETCATALOG_COMPILER_APPICON_NAME = AppIcon;
				ASSETCATALOG_COMPILER_GLOBAL_ACCENT_COLOR_NAME = AccentColor;
				CODE_SIGN_STYLE = Automatic;
				CURRENT_PROJECT_VERSION = 1;
				GENERATE_INFOPLIST_FILE = YES;
				INFOPLIST_KEY_UIApplicationSupportsIndirectInputEvents = YES;
				INFOPLIST_KEY_UILaunchStoryboardName = LaunchScreen;
				INFOPLIST_KEY_UIMainStoryboardFile = Main;
				INFOPLIST_KEY_UIStatusBarHidden = YES;
				INFOPLIST_KEY_UISupportedInterfaceOrientations_iPad = "UIInterfaceOrientationPortrait UIInterfaceOrientationPortraitUpsideDown UIInterfaceOrientationLandscapeLeft UIInterfaceOrientationLandscapeRight";
				INFOPLIST_KEY_UISupportedInterfaceOrientations_iPhone = "UIInterfaceOrientationPortrait UIInterfaceOrientationLandscapeLeft UIInterfaceOrientationLandscapeRight";
				LD_RUNPATH_SEARCH_PATHS = (
					"$(inherited)",
					"@executable_path/Frameworks",
				);
				MARKETING_VERSION = 1.0;
				PRODUCT_BUNDLE_IDENTIFIER = "com.MAPD724.MAPD724-W2022-MidTerm-301299251";
				PRODUCT_NAME = "$(TARGET_NAME)";
				SWIFT_EMIT_LOC_STRINGS = YES;
				SWIFT_VERSION = 5.0;
				TARGETED_DEVICE_FAMILY = "1,2";
			};
			name = Debug;
		};
		C58A8FB429B2B73900E5886A /* Release */ = {
			isa = XCBuildConfiguration;
			buildSettings = {
				ASSETCATALOG_COMPILER_APPICON_NAME = AppIcon;
				ASSETCATALOG_COMPILER_GLOBAL_ACCENT_COLOR_NAME = AccentColor;
				CODE_SIGN_STYLE = Automatic;
				CURRENT_PROJECT_VERSION = 1;
				GENERATE_INFOPLIST_FILE = YES;
				INFOPLIST_KEY_UIApplicationSupportsIndirectInputEvents = YES;
				INFOPLIST_KEY_UILaunchStoryboardName = LaunchScreen;
				INFOPLIST_KEY_UIMainStoryboardFile = Main;
				INFOPLIST_KEY_UIStatusBarHidden = YES;
				INFOPLIST_KEY_UISupportedInterfaceOrientations_iPad = "UIInterfaceOrientationPortrait UIInterfaceOrientationPortraitUpsideDown UIInterfaceOrientationLandscapeLeft UIInterfaceOrientationLandscapeRight";
				INFOPLIST_KEY_UISupportedInterfaceOrientations_iPhone = "UIInterfaceOrientationPortrait UIInterfaceOrientationLandscapeLeft UIInterfaceOrientationLandscapeRight";
				LD_RUNPATH_SEARCH_PATHS = (
					"$(inherited)",
					"@executable_path/Frameworks",
				);
				MARKETING_VERSION = 1.0;
				PRODUCT_BUNDLE_IDENTIFIER = "com.MAPD724.MAPD724-W2022-MidTerm-301299251";
				PRODUCT_NAME = "$(TARGET_NAME)";
				SWIFT_EMIT_LOC_STRINGS = YES;
				SWIFT_VERSION = 5.0;
				TARGETED_DEVICE_FAMILY = "1,2";
			};
			name = Release;
		};
/* End XCBuildConfiguration section */

/* Begin XCConfigurationList section */
		C58A8F9629B2B73800E5886A /* Build configuration list for PBXProject "MAPD724-W2022-MidTerm-301299251" */ = {
			isa = XCConfigurationList;
			buildConfigurations = (
				C58A8FB029B2B73900E5886A /* Debug */,
				C58A8FB129B2B73900E5886A /* Release */,
			);
			defaultConfigurationIsVisible = 0;
			defaultConfigurationName = Release;
		};
		C58A8FB229B2B73900E5886A /* Build configuration list for PBXNativeTarget "MAPD724-W2022-MidTerm-301299251" */ = {
			isa = XCConfigurationList;
			buildConfigurations = (
				C58A8FB329B2B73900E5886A /* Debug */,
				C58A8FB429B2B73900E5886A /* Release */,
			);
			defaultConfigurationIsVisible = 0;
			defaultConfigurationName = Release;
		};
/* End XCConfigurationList section */
	};
	rootObject = C58A8F9329B2B73800E5886A /* Project object */;
}
